
Microsoft Visual Studio Solution File, Format Version 12.00
# Visual Studio Version 16
VisualStudioVersion = 16.0.29201.188
MinimumVisualStudioVersion = 10.0.40219.1
Project("{FAE04EC0-301F-11D3-BF4B-00C04F79EFBC}") = "WebApp", "WebApp\WebApp.csproj", "{7A361275-DDF3-49E5-82B8-19A5FCD64541}"
EndProject
Global
	GlobalSection(SolutionConfigurationPlatforms) = preSolution
		Debug|Any CPU = Debug|Any CPU
		Release|Any CPU = Release|Any CPU
	EndGlobalSection
	GlobalSection(ProjectConfigurationPlatforms) = postSolution
		{7A361275-DDF3-49E5-82B8-19A5FCD64541}.Debug|Any CPU.ActiveCfg = Debug|Any CPU
		{7A361275-DDF3-49E5-82B8-19A5FCD64541}.Debug|Any CPU.Build.0 = Debug|Any CPU
		{7A361275-DDF3-49E5-82B8-19A5FCD64541}.Release|Any CPU.ActiveCfg = Release|Any CPU
		{7A361275-DDF3-49E5-82B8-19A5FCD64541}.Release|Any CPU.Build.0 = Release|Any CPU
	EndGlobalSection
	GlobalSection(SolutionProperties) = preSolution
		HideSolutionNode = FALSE
	EndGlobalSection
	GlobalSection(ExtensibilityGlobals) = postSolution
		SolutionGuid = {73F4F790-100B-4A1D-9647-CB80F54DE9D7}
	EndGlobalSection
EndGlobal
